<?xml version="1.0" encoding="utf-8"?>
<Project ToolsVersion="4.0" xmlns="http://schemas.microsoft.com/developer/msbuild/2003">
  <ItemGroup>
    <Filter Include="资源文件">
      <UniqueIdentifier>{67DA6AB6-F800-4c08-8B7A-83BB121AAD01}</UniqueIdentifier>
      <Extensions>rc;ico;cur;bmp;dlg;rc2;rct;bin;rgs;gif;jpg;jpeg;jpe;resx;tiff;tif;png;wav;mfcribbon-ms</Extensions>
    </Filter>
    <Filter Include="homework">
      <UniqueIdentifier>{93995380-89BD-4b04-88EB-625FBE52EBFB}</UniqueIdentifier>
      <Extensions>h;hh;hpp;hxx;hm;inl;inc;xsd</Extensions>
    </Filter>
    <Filter Include="examples">
      <UniqueIdentifier>{4FC737F1-C7A5-4376-A066-2A32D752A2FF}</UniqueIdentifier>
      <Extensions>cpp;c;cc;cxx;def;odl;idl;hpj;bat;asm;asmx</Extensions>
    </Filter>
    <Filter Include="examples\p2pserver">
      <UniqueIdentifier>{9d3a1070-079b-47c3-8406-fb7915ad3f7c}</UniqueIdentifier>
    </Filter>
    <Filter Include="examples\demo_log4cpp">
      <UniqueIdentifier>{66ad893c-acca-4e80-856b-48b40a2bd864}</UniqueIdentifier>
    </Filter>
    <Filter Include="examples\IPC">
      <UniqueIdentifier>{fe6e15d9-d288-4ad3-8b98-6ddedbe67e86}</UniqueIdentifier>
    </Filter>
    <Filter Include="examples\IPC\fifo">
      <UniqueIdentifier>{3cc0b2cb-eb1c-41b5-a608-b9309c52982f}</UniqueIdentifier>
    </Filter>
    <Filter Include="examples\IPC\shm">
      <UniqueIdentifier>{040455a5-afe6-4d4f-ad73-2b8cc6db136c}</UniqueIdentifier>
    </Filter>
    <Filter Include="examples\IPC\shm_sem">
      <UniqueIdentifier>{78845283-067a-4b4a-a539-96c78b69338f}</UniqueIdentifier>
    </Filter>
    <Filter Include="examples\IPC\pipe">
      <UniqueIdentifier>{2dfb1156-1c79-4d05-93d3-ab1850146479}</UniqueIdentifier>
    </Filter>
    <Filter Include="examples\IPC\mmap">
      <UniqueIdentifier>{933288cc-9d75-40af-b4bf-72d7b1c2b062}</UniqueIdentifier>
    </Filter>
    <Filter Include="examples\IPC\signal">
      <UniqueIdentifier>{25aeb248-a4c5-4ac3-b31f-f3647800ea59}</UniqueIdentifier>
    </Filter>
    <Filter Include="examples\websocket">
      <UniqueIdentifier>{4f16a4e4-70ce-4992-9b8e-50f8bd4d18b4}</UniqueIdentifier>
    </Filter>
    <Filter Include="examples\mutilprocess">
      <UniqueIdentifier>{d5ef102d-a4f0-4e63-8e40-48890b4f8e40}</UniqueIdentifier>
    </Filter>
    <Filter Include="examples\lastword">
      <UniqueIdentifier>{bc2e5c89-f109-46e9-a486-922cf07c3a66}</UniqueIdentifier>
    </Filter>
    <Filter Include="examples\IPC\filelock">
      <UniqueIdentifier>{fe32a037-ba3c-4bd1-985e-b72ea4199fab}</UniqueIdentifier>
    </Filter>
    <Filter Include="examples\iniconfig">
      <UniqueIdentifier>{fa9e71b3-809a-4249-a96c-ea07733e0802}</UniqueIdentifier>
    </Filter>
    <Filter Include="examples\iniconfig\iniparser">
      <UniqueIdentifier>{45e5846d-18f5-479d-9392-3271747bb918}</UniqueIdentifier>
    </Filter>
    <Filter Include="examples\memory">
      <UniqueIdentifier>{cbd82e83-ef8a-42e0-ae7f-8e95416c4d56}</UniqueIdentifier>
    </Filter>
    <Filter Include="examples\memory\usermem_max">
      <UniqueIdentifier>{13a53291-c14c-4344-a028-9e989782a418}</UniqueIdentifier>
    </Filter>
    <Filter Include="examples\net">
      <UniqueIdentifier>{61838c8d-785a-4bb6-b61b-b2f65df90a61}</UniqueIdentifier>
    </Filter>
    <Filter Include="examples\net\tcp_block">
      <UniqueIdentifier>{47057d75-77ef-4997-a838-af0539a5610b}</UniqueIdentifier>
    </Filter>
    <Filter Include="examples\net\tcp_epoll">
      <UniqueIdentifier>{e350d57e-aa9a-4867-8d3d-558e999fb832}</UniqueIdentifier>
    </Filter>
  </ItemGroup>
  <ItemGroup>
    <ClInclude Include="..\..\..\examples\demo_log4cpp\logger.h">
      <Filter>examples\demo_log4cpp</Filter>
    </ClInclude>
    <ClInclude Include="..\..\..\examples\p2pserver\udp.h">
      <Filter>examples\p2pserver</Filter>
    </ClInclude>
    <ClInclude Include="..\..\..\examples\IPC\shm\shm_data.h">
      <Filter>examples\IPC\shm</Filter>
    </ClInclude>
    <ClInclude Include="..\..\..\examples\IPC\shm_sem\sem_data.h">
      <Filter>examples\IPC\shm_sem</Filter>
    </ClInclude>
    <ClInclude Include="..\..\..\examples\iniconfig\configdef.h">
      <Filter>examples\iniconfig</Filter>
    </ClInclude>
    <ClInclude Include="..\..\..\examples\iniconfig\iniconfig.h">
      <Filter>examples\iniconfig</Filter>
    </ClInclude>
    <ClInclude Include="..\..\..\examples\iniconfig\iniparser\dictionary.h">
      <Filter>examples\iniconfig\iniparser</Filter>
    </ClInclude>
    <ClInclude Include="..\..\..\examples\iniconfig\iniparser\iniparser.h">
      <Filter>examples\iniconfig\iniparser</Filter>
    </ClInclude>
    <ClInclude Include="..\..\..\examples\net\socket_api.h">
      <Filter>examples\net</Filter>
    </ClInclude>
    <ClInclude Include="..\..\..\examples\net\tcp_epoll\epoll_api.h">
      <Filter>examples\net\tcp_epoll</Filter>
    </ClInclude>
  </ItemGroup>
  <ItemGroup>
    <ClCompile Include="..\..\..\examples\IPC\fifo\fifo_read.c">
      <Filter>examples\IPC\fifo</Filter>
    </ClCompile>
    <ClCompile Include="..\..\..\examples\IPC\fifo\fifo_write.c">
      <Filter>examples\IPC\fifo</Filter>
    </ClCompile>
    <ClCompile Include="..\..\..\examples\demo_log4cpp\log4cppdemo.cpp">
      <Filter>examples\demo_log4cpp</Filter>
    </ClCompile>
    <ClCompile Include="..\..\..\examples\demo_log4cpp\logger.cpp">
      <Filter>examples\demo_log4cpp</Filter>
    </ClCompile>
    <ClCompile Include="..\..\..\examples\p2pserver\udp_client.c">
      <Filter>examples\p2pserver</Filter>
    </ClCompile>
    <ClCompile Include="..\..\..\examples\p2pserver\udp_server.c">
      <Filter>examples\p2pserver</Filter>
    </ClCompile>
    <ClCompile Include="..\..\..\examples\IPC\shm\shm_write.cpp">
      <Filter>examples\IPC\shm</Filter>
    </ClCompile>
    <ClCompile Include="..\..\..\examples\IPC\shm\shm_read.cpp">
      <Filter>examples\IPC\shm</Filter>
    </ClCompile>
    <ClCompile Include="..\..\..\examples\IPC\shm_sem\sem_read.cpp">
      <Filter>examples\IPC\shm_sem</Filter>
    </ClCompile>
    <ClCompile Include="..\..\..\examples\IPC\shm_sem\sem_write.cpp">
      <Filter>examples\IPC\shm_sem</Filter>
    </ClCompile>
    <ClCompile Include="..\..\..\examples\IPC\pipe\pipe_test.c">
      <Filter>examples\IPC\pipe</Filter>
    </ClCompile>
    <ClCompile Include="..\..\..\examples\IPC\mmap\mmap_write.cpp">
      <Filter>examples\IPC\mmap</Filter>
    </ClCompile>
    <ClCompile Include="..\..\..\examples\IPC\mmap\mmap_read.cpp">
      <Filter>examples\IPC\mmap</Filter>
    </ClCompile>
    <ClCompile Include="..\..\..\examples\websocket\websocket_server.c">
      <Filter>examples\websocket</Filter>
    </ClCompile>
    <ClCompile Include="..\..\..\examples\mutilprocess\mutilprocess.cpp">
      <Filter>examples\mutilprocess</Filter>
    </ClCompile>
    <ClCompile Include="..\..\..\examples\lastword\lastword.cpp">
      <Filter>examples\lastword</Filter>
    </ClCompile>
    <ClCompile Include="..\..\..\examples\IPC\filelock\filelock.c">
      <Filter>examples\IPC\filelock</Filter>
    </ClCompile>
    <ClCompile Include="..\..\..\examples\IPC\filelock\lock_set.h">
      <Filter>examples\IPC\filelock</Filter>
    </ClCompile>
    <ClCompile Include="..\..\..\examples\iniconfig\example.cpp">
      <Filter>examples\iniconfig</Filter>
    </ClCompile>
    <ClCompile Include="..\..\..\examples\iniconfig\iniconfig.cpp">
      <Filter>examples\iniconfig</Filter>
    </ClCompile>
    <ClCompile Include="..\..\..\examples\iniconfig\iniparser\dictionary.c">
      <Filter>examples\iniconfig\iniparser</Filter>
    </ClCompile>
    <ClCompile Include="..\..\..\examples\iniconfig\iniparser\iniparser.c">
      <Filter>examples\iniconfig\iniparser</Filter>
    </ClCompile>
    <ClCompile Include="..\..\..\examples\net\tcp_block\tcp_block_client.cpp">
      <Filter>examples\net\tcp_block</Filter>
    </ClCompile>
    <ClCompile Include="..\..\..\examples\net\tcp_block\tcp_block_server.cpp">
      <Filter>examples\net\tcp_block</Filter>
    </ClCompile>
    <ClCompile Include="..\..\..\examples\net\tcp_epoll\tcp_epoll_client.cpp">
      <Filter>examples\net\tcp_epoll</Filter>
    </ClCompile>
    <ClCompile Include="..\..\..\examples\net\tcp_epoll\tcp_epoll_server.cpp">
      <Filter>examples\net\tcp_epoll</Filter>
    </ClCompile>
    <ClCompile Include="..\..\..\examples\net\socket_api.cpp">
      <Filter>examples\net</Filter>
    </ClCompile>
    <ClCompile Include="..\..\..\examples\net\tcp_epoll\epoll_api.cpp">
      <Filter>examples\net\tcp_epoll</Filter>
    </ClCompile>
  </ItemGroup>
  <ItemGroup>
    <None Include="..\..\..\examples\demo_log4cpp\log.conf">
      <Filter>examples\demo_log4cpp</Filter>
    </None>
    <None Include="..\..\..\examples\websocket\websocket_client.html">
      <Filter>examples\websocket</Filter>
    </None>
    <None Include="..\..\..\examples\iniconfig\conf.ini">
      <Filter>examples\iniconfig</Filter>
    </None>
  </ItemGroup>
  <ItemGroup>
    <Text Include="..\..\..\examples\IPC\readme.txt">
      <Filter>examples\IPC</Filter>
    </Text>
    <Text Include="..\..\..\examples\memory\usermem_max\usermem_max.cpp">
      <Filter>examples\memory\usermem_max</Filter>
    </Text>
  </ItemGroup>
</Project>