
Microsoft Visual Studio Solution File, Format Version 12.00
# Visual Studio 2013
VisualStudioVersion = 12.0.21005.1
MinimumVisualStudioVersion = 10.0.40219.1
Project("{8BC9CEB8-8B4A-11D0-8D11-00A0C91BC942}") = "dnpractice", "dnpractice\dnpractice.vcxproj", "{5F4761F6-C659-4BE3-A3AE-92234B6E9A9A}"
EndProject
Global
	GlobalSection(SolutionConfigurationPlatforms) = preSolution
		Debug|Win32 = Debug|Win32
		Release|Win32 = Release|Win32
	EndGlobalSection
	GlobalSection(ProjectConfigurationPlatforms) = postSolution
		{5F4761F6-C659-4BE3-A3AE-92234B6E9A9A}.Debug|Win32.ActiveCfg = Debug|Win32
		{5F4761F6-C659-4BE3-A3AE-92234B6E9A9A}.Debug|Win32.Build.0 = Debug|Win32
		{5F4761F6-C659-4BE3-A3AE-92234B6E9A9A}.Release|Win32.ActiveCfg = Release|Win32
		{5F4761F6-C659-4BE3-A3AE-92234B6E9A9A}.Release|Win32.Build.0 = Release|Win32
	EndGlobalSection
	GlobalSection(SolutionProperties) = preSolution
		HideSolutionNode = FALSE
	EndGlobalSection
EndGlobal
